{
  "nodes": {
    "nixpkgs": {
      "locked": {
        "lastModified": 1768564909,
        "narHash": "sha256-Kell/SpJYVkHWMvnhqJz/8DqQg2b6PguxVWOuadbHCc=",
        "owner": "nixos",
        "repo": "nixpkgs",
        "rev": "e4bae1bd10c9c57b2cf517953ab70060a828ee6f",
        "type": "github"
      },
      "original": {
        "owner": "nixos",
        "ref": "nixos-unstable",
        "repo": "nixpkgs",
        "type": "github"
      }
    },
    "root": {
      "inputs": {
        "nixpkgs": "nixpkgs",
        "strudel": "strudel"
      }
    },
    "strudel": {
      "flake": false,
      "locked": {
        "lastModified": 1768880239,
        "narHash": "sha256-Vm9n0k4PBbG9aIEOaQPRN9khcpl6tCpfX6o7QQEHgYw=",
        "ref": "refs/heads/main",
        "rev": "6105d5027dedff96b115727d171ba013ab192a3e",
        "revCount": 6126,
        "type": "git",
        "url": "https://codeberg.org/uzu/strudel"
      },
      "original": {
        "type": "git",
        "url": "https://codeberg.org/uzu/strudel"
      }
    }
  },
  "root": "root",
  "version": 7
}
