{
  "nodes": {
    "nixpkgs": {
      "locked": {
        "lastModified": 1766651565,
        "narHash": "sha256-QEhk0eXgyIqTpJ/ehZKg9IKS7EtlWxF3N7DXy42zPfU=",
        "owner": "nixos",
        "repo": "nixpkgs",
        "rev": "3e2499d5539c16d0d173ba53552a4ff8547f4539",
        "type": "github"
      },
      "original": {
        "owner": "nixos",
        "ref": "nixos-unstable",
        "repo": "nixpkgs",
        "type": "github"
      }
    },
    "root": {
      "inputs": {
        "nixpkgs": "nixpkgs",
        "strudel": "strudel"
      }
    },
    "strudel": {
      "flake": false,
      "locked": {
        "lastModified": 1766266070,
        "narHash": "sha256-sPvoVCYPG2y21i0qUjl7X6A0bRnOGQ4QuoHpCTd2TF8=",
        "ref": "refs/heads/main",
        "rev": "5a51b4ec71b0e56ed2b25566fb7b01225ca28e88",
        "revCount": 5833,
        "type": "git",
        "url": "https://codeberg.org/uzu/strudel"
      },
      "original": {
        "type": "git",
        "url": "https://codeberg.org/uzu/strudel"
      }
    }
  },
  "root": "root",
  "version": 7
}
